{
  "version": 4,
  "terraform_version": "1.12.2",
  "serial": 17,
  "lineage": "f193eff8-3a8e-8de7-a898-f2c61b1d1afe",
  "outputs": {},
  "resources": [
    {
      "mode": "managed",
      "type": "azurerm_linux_virtual_machine",
      "name": "nginx",
      "provider": "provider[\"registry.terraform.io/hashicorp/azurerm\"]",
      "instances": [
        {
          "schema_version": 0,
          "attributes": {
            "additional_capabilities": [],
            "admin_password": null,
            "admin_ssh_key": [
              {
                "public_key": "ssh-rsa AAAAB3NzaC1yc2EAAAADAQABAAACAQC5gZqjoQhcfhzZxv2FvWETluyM3YgbtB6ryM0rMJlM9IYaSIbIkwwkskPCROVUWFWku2XOlYm+M0WB6ADi88ogUzWArdTBgH5TWtEKnK4BCuilnfaPj+jNs1dTZRm8XyODfp5m13k5d0uK/Fpu41H0lKwSZLB19CDOAITMJcoeodykvini+GtUFXlIwN43/FYVeqVlwje4rDjl0lK/obDPNZ9r08SwpZgWosKXQ+eB+QU9djRXzRyBUw+a4ys6laDlUmaIuSemPfBjYVs9xKlEMJ8QS+lxGag8ddGFokZnM6EjoJtbl8ODiicPwV6AYg4Lk15v4lUjePtDtnguLRFF00fFnr0riq9QSbkS0jqhJskDb2hXOCorqLLoL6zpvYVaq8TwL4nbbaJyN8sZxUjyBm1WelgF5F0e5V7YR3N0x1UIkT0oEo6LYtipf4I4p9F9wlM0Ij+WJXe4iHTuWwZ8T3VV4YPRVHBb93Uc+iSIzgRZlAuWYo7A6lWcMtvIJexHoQi4sn7mJ9aoyBjcNpyC7USqDqqQ8xIVMiUnWuTJdcfp1g2V86qybxcx4qYJFq/3u5oAB1099/SXflWmNxTnqX4RdSx3cs70pZRB9F9XMYQ0U2pw61Y9m/OHkxRDDMtOe/hGUdv+9Kp8XtRK2sk0ywgTk19Wav3IpP/7dT32Vw== dir\\jose.ismael.marin@c11-msdbqx6d2ci",
                "username": "adminuser"
              }
            ],
            "admin_username": "adminuser",
            "allow_extension_operations": true,
            "availability_set_id": "",
            "boot_diagnostics": [],
            "bypass_platform_safety_checks_on_user_schedule_enabled": false,
            "capacity_reservation_group_id": "",
            "computer_name": "nginx-server",
            "custom_data": "IyEvYmluL2Jhc2gNCmFwdC1nZXQgdXBkYXRlDQphcHQtZ2V0IGluc3RhbGwgLXkgbmdpbngNCnN5c3RlbWN0bCBzdGFydCBuZ2lueA0Kc3lzdGVtY3RsIGVuYWJsZSBuZ2lueA0K",
            "dedicated_host_group_id": "",
            "dedicated_host_id": "",
            "disable_password_authentication": true,
            "disk_controller_type": "SCSI",
            "edge_zone": "",
            "encryption_at_host_enabled": false,
            "eviction_policy": "",
            "extensions_time_budget": "PT1H30M",
            "gallery_application": [],
            "id": "/subscriptions/142a97ec-cf26-4680-9598-bb2f9ecf9485/resourceGroups/nginx-resources/providers/Microsoft.Compute/virtualMachines/nginx-server",
            "identity": [],
            "license_type": "",
            "location": "westeurope",
            "max_bid_price": -1,
            "name": "nginx-server",
            "network_interface_ids": [
              "/subscriptions/142a97ec-cf26-4680-9598-bb2f9ecf9485/resourceGroups/nginx-resources/providers/Microsoft.Network/networkInterfaces/nginx-nic"
            ],
            "os_disk": [
              {
                "caching": "ReadWrite",
                "diff_disk_settings": [],
                "disk_encryption_set_id": "",
                "disk_size_gb": 30,
                "id": "/subscriptions/142a97ec-cf26-4680-9598-bb2f9ecf9485/resourceGroups/nginx-resources/providers/Microsoft.Compute/disks/nginx-server_disk1_0b75ac9181724c48a2dbf157bd45fc84",
                "name": "nginx-server_disk1_0b75ac9181724c48a2dbf157bd45fc84",
                "secure_vm_disk_encryption_set_id": "",
                "security_encryption_type": "",
                "storage_account_type": "Standard_LRS",
                "write_accelerator_enabled": false
              }
            ],
            "os_image_notification": [],
            "patch_assessment_mode": "ImageDefault",
            "patch_mode": "ImageDefault",
            "plan": [],
            "platform_fault_domain": -1,
            "priority": "Regular",
            "private_ip_address": "10.0.1.4",
            "private_ip_addresses": [
              "10.0.1.4"
            ],
            "provision_vm_agent": true,
            "proximity_placement_group_id": "",
            "public_ip_address": "20.16.73.205",
            "public_ip_addresses": [
              "20.16.73.205"
            ],
            "reboot_setting": "",
            "resource_group_name": "nginx-resources",
            "secret": [],
            "secure_boot_enabled": false,
            "size": "Standard_B1s",
            "source_image_id": "",
            "source_image_reference": [
              {
                "offer": "0001-com-ubuntu-server-jammy",
                "publisher": "Canonical",
                "sku": "22_04-lts-gen2",
                "version": "22.04.202506200"
              }
            ],
            "tags": {},
            "termination_notification": [],
            "timeouts": null,
            "user_data": "",
            "virtual_machine_id": "beef087c-45cc-463a-a916-7063ee990c8b",
            "virtual_machine_scale_set_id": "",
            "vm_agent_platform_updates_enabled": false,
            "vtpm_enabled": false,
            "zone": ""
          },
          "sensitive_attributes": [
            [
              {
                "type": "get_attr",
                "value": "admin_password"
              }
            ],
            [
              {
                "type": "get_attr",
                "value": "custom_data"
              }
            ]
          ],
          "identity_schema_version": 0,
          "private": "eyJlMmJmYjczMC1lY2FhLTExZTYtOGY4OC0zNDM2M2JjN2M0YzAiOnsiY3JlYXRlIjoyNzAwMDAwMDAwMDAwLCJkZWxldGUiOjI3MDAwMDAwMDAwMDAsInJlYWQiOjMwMDAwMDAwMDAwMCwidXBkYXRlIjoyNzAwMDAwMDAwMDAwfX0=",
          "dependencies": [
            "azurerm_network_interface.nginx",
            "azurerm_public_ip.nginx",
            "azurerm_resource_group.nginx",
            "azurerm_subnet.nginx",
            "azurerm_virtual_network.nginx"
          ]
        }
      ]
    },
    {
      "mode": "managed",
      "type": "azurerm_network_interface",
      "name": "nginx",
      "provider": "provider[\"registry.terraform.io/hashicorp/azurerm\"]",
      "instances": [
        {
          "schema_version": 0,
          "attributes": {
            "accelerated_networking_enabled": false,
            "applied_dns_servers": [],
            "auxiliary_mode": "",
            "auxiliary_sku": "",
            "dns_servers": [],
            "edge_zone": "",
            "id": "/subscriptions/142a97ec-cf26-4680-9598-bb2f9ecf9485/resourceGroups/nginx-resources/providers/Microsoft.Network/networkInterfaces/nginx-nic",
            "internal_dns_name_label": "",
            "internal_domain_name_suffix": "zweyrsuhp50e1ozvtgntgbjdwe.ax.internal.cloudapp.net",
            "ip_configuration": [
              {
                "gateway_load_balancer_frontend_ip_configuration_id": "",
                "name": "internal",
                "primary": true,
                "private_ip_address": "10.0.1.4",
                "private_ip_address_allocation": "Dynamic",
                "private_ip_address_version": "IPv4",
                "public_ip_address_id": "/subscriptions/142a97ec-cf26-4680-9598-bb2f9ecf9485/resourceGroups/nginx-resources/providers/Microsoft.Network/publicIPAddresses/nginx-public-ip",
                "subnet_id": "/subscriptions/142a97ec-cf26-4680-9598-bb2f9ecf9485/resourceGroups/nginx-resources/providers/Microsoft.Network/virtualNetworks/nginx-vnet/subnets/nginx-subnet"
              }
            ],
            "ip_forwarding_enabled": false,
            "location": "westeurope",
            "mac_address": "60-45-BD-91-92-24",
            "name": "nginx-nic",
            "private_ip_address": "10.0.1.4",
            "private_ip_addresses": [
              "10.0.1.4"
            ],
            "resource_group_name": "nginx-resources",
            "tags": {},
            "timeouts": null,
            "virtual_machine_id": "/subscriptions/142a97ec-cf26-4680-9598-bb2f9ecf9485/resourceGroups/nginx-resources/providers/Microsoft.Compute/virtualMachines/nginx-server"
          },
          "sensitive_attributes": [],
          "identity_schema_version": 0,
          "identity": {
            "name": "nginx-nic",
            "resource_group_name": "nginx-resources",
            "subscription_id": "142a97ec-cf26-4680-9598-bb2f9ecf9485"
          },
          "private": "eyJlMmJmYjczMC1lY2FhLTExZTYtOGY4OC0zNDM2M2JjN2M0YzAiOnsiY3JlYXRlIjoxODAwMDAwMDAwMDAwLCJkZWxldGUiOjE4MDAwMDAwMDAwMDAsInJlYWQiOjMwMDAwMDAwMDAwMCwidXBkYXRlIjoxODAwMDAwMDAwMDAwfX0=",
          "dependencies": [
            "azurerm_public_ip.nginx",
            "azurerm_resource_group.nginx",
            "azurerm_subnet.nginx",
            "azurerm_virtual_network.nginx"
          ]
        }
      ]
    },
    {
      "mode": "managed",
      "type": "azurerm_network_interface_security_group_association",
      "name": "nginx",
      "provider": "provider[\"registry.terraform.io/hashicorp/azurerm\"]",
      "instances": [
        {
          "schema_version": 0,
          "attributes": {
            "id": "/subscriptions/142a97ec-cf26-4680-9598-bb2f9ecf9485/resourceGroups/nginx-resources/providers/Microsoft.Network/networkInterfaces/nginx-nic|/subscriptions/142a97ec-cf26-4680-9598-bb2f9ecf9485/resourceGroups/nginx-resources/providers/Microsoft.Network/networkSecurityGroups/nginx-nsg",
            "network_interface_id": "/subscriptions/142a97ec-cf26-4680-9598-bb2f9ecf9485/resourceGroups/nginx-resources/providers/Microsoft.Network/networkInterfaces/nginx-nic",
            "network_security_group_id": "/subscriptions/142a97ec-cf26-4680-9598-bb2f9ecf9485/resourceGroups/nginx-resources/providers/Microsoft.Network/networkSecurityGroups/nginx-nsg",
            "timeouts": null
          },
          "sensitive_attributes": [],
          "identity_schema_version": 0,
          "private": "eyJlMmJmYjczMC1lY2FhLTExZTYtOGY4OC0zNDM2M2JjN2M0YzAiOnsiY3JlYXRlIjoxODAwMDAwMDAwMDAwLCJkZWxldGUiOjE4MDAwMDAwMDAwMDAsInJlYWQiOjMwMDAwMDAwMDAwMH19",
          "dependencies": [
            "azurerm_network_interface.nginx",
            "azurerm_network_security_group.nginx",
            "azurerm_public_ip.nginx",
            "azurerm_resource_group.nginx",
            "azurerm_subnet.nginx",
            "azurerm_virtual_network.nginx"
          ]
        }
      ]
    },
    {
      "mode": "managed",
      "type": "azurerm_network_security_group",
      "name": "nginx",
      "provider": "provider[\"registry.terraform.io/hashicorp/azurerm\"]",
      "instances": [
        {
          "schema_version": 0,
          "attributes": {
            "id": "/subscriptions/142a97ec-cf26-4680-9598-bb2f9ecf9485/resourceGroups/nginx-resources/providers/Microsoft.Network/networkSecurityGroups/nginx-nsg",
            "location": "westeurope",
            "name": "nginx-nsg",
            "resource_group_name": "nginx-resources",
            "security_rule": [
              {
                "access": "Allow",
                "description": "",
                "destination_address_prefix": "*",
                "destination_address_prefixes": [],
                "destination_application_security_group_ids": [],
                "destination_port_range": "22",
                "destination_port_ranges": [],
                "direction": "Inbound",
                "name": "SSH",
                "priority": 100,
                "protocol": "Tcp",
                "source_address_prefix": "*",
                "source_address_prefixes": [],
                "source_application_security_group_ids": [],
                "source_port_range": "*",
                "source_port_ranges": []
              },
              {
                "access": "Allow",
                "description": "",
                "destination_address_prefix": "*",
                "destination_address_prefixes": [],
                "destination_application_security_group_ids": [],
                "destination_port_range": "80",
                "destination_port_ranges": [],
                "direction": "Inbound",
                "name": "HTTP",
                "priority": 200,
                "protocol": "Tcp",
                "source_address_prefix": "*",
                "source_address_prefixes": [],
                "source_application_security_group_ids": [],
                "source_port_range": "*",
                "source_port_ranges": []
              }
            ],
            "tags": {},
            "timeouts": null
          },
          "sensitive_attributes": [],
          "identity_schema_version": 0,
          "identity": {
            "name": "nginx-nsg",
            "resource_group_name": "nginx-resources",
            "subscription_id": "142a97ec-cf26-4680-9598-bb2f9ecf9485"
          },
          "private": "eyJlMmJmYjczMC1lY2FhLTExZTYtOGY4OC0zNDM2M2JjN2M0YzAiOnsiY3JlYXRlIjoxODAwMDAwMDAwMDAwLCJkZWxldGUiOjE4MDAwMDAwMDAwMDAsInJlYWQiOjMwMDAwMDAwMDAwMCwidXBkYXRlIjoxODAwMDAwMDAwMDAwfX0=",
          "dependencies": [
            "azurerm_resource_group.nginx"
          ]
        }
      ]
    },
    {
      "mode": "managed",
      "type": "azurerm_public_ip",
      "name": "nginx",
      "provider": "provider[\"registry.terraform.io/hashicorp/azurerm\"]",
      "instances": [
        {
          "schema_version": 0,
          "attributes": {
            "allocation_method": "Static",
            "ddos_protection_mode": "VirtualNetworkInherited",
            "ddos_protection_plan_id": null,
            "domain_name_label": null,
            "domain_name_label_scope": null,
            "edge_zone": "",
            "fqdn": null,
            "id": "/subscriptions/142a97ec-cf26-4680-9598-bb2f9ecf9485/resourceGroups/nginx-resources/providers/Microsoft.Network/publicIPAddresses/nginx-public-ip",
            "idle_timeout_in_minutes": 4,
            "ip_address": "20.16.73.205",
            "ip_tags": {},
            "ip_version": "IPv4",
            "location": "westeurope",
            "name": "nginx-public-ip",
            "public_ip_prefix_id": null,
            "resource_group_name": "nginx-resources",
            "reverse_fqdn": null,
            "sku": "Standard",
            "sku_tier": "Regional",
            "tags": {},
            "timeouts": null,
            "zones": []
          },
          "sensitive_attributes": [],
          "identity_schema_version": 0,
          "private": "eyJlMmJmYjczMC1lY2FhLTExZTYtOGY4OC0zNDM2M2JjN2M0YzAiOnsiY3JlYXRlIjoxODAwMDAwMDAwMDAwLCJkZWxldGUiOjE4MDAwMDAwMDAwMDAsInJlYWQiOjMwMDAwMDAwMDAwMCwidXBkYXRlIjoxODAwMDAwMDAwMDAwfX0=",
          "dependencies": [
            "azurerm_resource_group.nginx"
          ]
        }
      ]
    },
    {
      "mode": "managed",
      "type": "azurerm_resource_group",
      "name": "nginx",
      "provider": "provider[\"registry.terraform.io/hashicorp/azurerm\"]",
      "instances": [
        {
          "schema_version": 0,
          "attributes": {
            "id": "/subscriptions/142a97ec-cf26-4680-9598-bb2f9ecf9485/resourceGroups/nginx-resources",
            "location": "westeurope",
            "managed_by": "",
            "name": "nginx-resources",
            "tags": {},
            "timeouts": null
          },
          "sensitive_attributes": [],
          "identity_schema_version": 0,
          "private": "eyJlMmJmYjczMC1lY2FhLTExZTYtOGY4OC0zNDM2M2JjN2M0YzAiOnsiY3JlYXRlIjo1NDAwMDAwMDAwMDAwLCJkZWxldGUiOjU0MDAwMDAwMDAwMDAsInJlYWQiOjMwMDAwMDAwMDAwMCwidXBkYXRlIjo1NDAwMDAwMDAwMDAwfX0="
        }
      ]
    },
    {
      "mode": "managed",
      "type": "azurerm_subnet",
      "name": "nginx",
      "provider": "provider[\"registry.terraform.io/hashicorp/azurerm\"]",
      "instances": [
        {
          "schema_version": 0,
          "attributes": {
            "address_prefixes": [
              "10.0.1.0/24"
            ],
            "default_outbound_access_enabled": true,
            "delegation": [],
            "id": "/subscriptions/142a97ec-cf26-4680-9598-bb2f9ecf9485/resourceGroups/nginx-resources/providers/Microsoft.Network/virtualNetworks/nginx-vnet/subnets/nginx-subnet",
            "name": "nginx-subnet",
            "private_endpoint_network_policies": "Disabled",
            "private_link_service_network_policies_enabled": true,
            "resource_group_name": "nginx-resources",
            "service_endpoint_policy_ids": [],
            "service_endpoints": [],
            "timeouts": null,
            "virtual_network_name": "nginx-vnet"
          },
          "sensitive_attributes": [],
          "identity_schema_version": 0,
          "identity": {
            "name": "nginx-subnet",
            "resource_group_name": "nginx-resources",
            "subscription_id": "142a97ec-cf26-4680-9598-bb2f9ecf9485",
            "virtual_network_name": "nginx-vnet"
          },
          "private": "eyJlMmJmYjczMC1lY2FhLTExZTYtOGY4OC0zNDM2M2JjN2M0YzAiOnsiY3JlYXRlIjoxODAwMDAwMDAwMDAwLCJkZWxldGUiOjE4MDAwMDAwMDAwMDAsInJlYWQiOjMwMDAwMDAwMDAwMCwidXBkYXRlIjoxODAwMDAwMDAwMDAwfX0=",
          "dependencies": [
            "azurerm_resource_group.nginx",
            "azurerm_virtual_network.nginx"
          ]
        }
      ]
    },
    {
      "mode": "managed",
      "type": "azurerm_virtual_network",
      "name": "nginx",
      "provider": "provider[\"registry.terraform.io/hashicorp/azurerm\"]",
      "instances": [
        {
          "schema_version": 0,
          "attributes": {
            "address_space": [
              "10.0.0.0/16"
            ],
            "bgp_community": "",
            "ddos_protection_plan": [],
            "dns_servers": [],
            "edge_zone": "",
            "encryption": [],
            "flow_timeout_in_minutes": 0,
            "guid": "ca8889cd-7f87-4df4-bb35-999b330523b4",
            "id": "/subscriptions/142a97ec-cf26-4680-9598-bb2f9ecf9485/resourceGroups/nginx-resources/providers/Microsoft.Network/virtualNetworks/nginx-vnet",
            "ip_address_pool": [],
            "location": "westeurope",
            "name": "nginx-vnet",
            "private_endpoint_vnet_policies": "Disabled",
            "resource_group_name": "nginx-resources",
            "subnet": [
              {
                "address_prefixes": [
                  "10.0.1.0/24"
                ],
                "default_outbound_access_enabled": true,
                "delegation": [],
                "id": "/subscriptions/142a97ec-cf26-4680-9598-bb2f9ecf9485/resourceGroups/nginx-resources/providers/Microsoft.Network/virtualNetworks/nginx-vnet/subnets/nginx-subnet",
                "name": "nginx-subnet",
                "private_endpoint_network_policies": "Disabled",
                "private_link_service_network_policies_enabled": true,
                "route_table_id": "",
                "security_group": "",
                "service_endpoint_policy_ids": [],
                "service_endpoints": []
              }
            ],
            "tags": {},
            "timeouts": null
          },
          "sensitive_attributes": [],
          "identity_schema_version": 0,
          "identity": {
            "name": "nginx-vnet",
            "resource_group_name": "nginx-resources",
            "subscription_id": "142a97ec-cf26-4680-9598-bb2f9ecf9485"
          },
          "private": "eyJlMmJmYjczMC1lY2FhLTExZTYtOGY4OC0zNDM2M2JjN2M0YzAiOnsiY3JlYXRlIjoxODAwMDAwMDAwMDAwLCJkZWxldGUiOjE4MDAwMDAwMDAwMDAsInJlYWQiOjMwMDAwMDAwMDAwMCwidXBkYXRlIjoxODAwMDAwMDAwMDAwfX0=",
          "dependencies": [
            "azurerm_resource_group.nginx"
          ]
        }
      ]
    }
  ],
  "check_results": null
}
